lockfileVersion: 5.4

specifiers:
  '@ant-design/icons': ^4.7.0
  '@types/node': ^18.7.6
  '@types/react': ^18.0.17
  antd: ^4.22.8
  next: latest
  react: 17.0.2
  react-dom: 17.0.2
  typescript: ^4.7.4

dependencies:
  '@ant-design/icons': 4.7.0_sfoxds7t5ydpegc3knd667wn6m
  antd: 4.22.8_sfoxds7t5ydpegc3knd667wn6m
  next: 12.2.5_sfoxds7t5ydpegc3knd667wn6m
  react: 17.0.2
  react-dom: 17.0.2_react@17.0.2

devDependencies:
  '@types/node': 18.7.6
  '@types/react': 18.0.17
  typescript: 4.7.4

packages:

  /@ant-design/colors/6.0.0:
    resolution: {integrity: sha512-qAZRvPzfdWHtfameEGP2Qvuf838NhergR35o+EuVyB5XvSA98xod5r4utvi4TJ3ywmevm290g9nsCG5MryrdWQ==}
    dependencies:
      '@ctrl/tinycolor': 3.4.1
    dev: false

  /@ant-design/icons-svg/4.2.1:
    resolution: {integrity: sha512-EB0iwlKDGpG93hW8f85CTJTs4SvMX7tt5ceupvhALp1IF44SeUFOMhKUOYqpsoYWQKAOuTRDMqn75rEaKDp0Xw==}
    dev: false

  /@ant-design/icons/4.7.0_sfoxds7t5ydpegc3knd667wn6m:
    resolution: {integrity: sha512-aoB4Z7JA431rt6d4u+8xcNPPCrdufSRMUOpxa1ab6mz1JCQZOEVolj2WVs/tDFmN62zzK30mNelEsprLYsSF3g==}
    engines: {node: '>=8'}
    peerDependencies:
      react: '>=16.0.0'
      react-dom: '>=16.0.0'
    dependencies:
      '@ant-design/colors': 6.0.0
      '@ant-design/icons-svg': 4.2.1
      '@babel/runtime': 7.18.9
      classnames: 2.3.1
      rc-util: 5.23.0_sfoxds7t5ydpegc3knd667wn6m
      react: 17.0.2
      react-dom: 17.0.2_react@17.0.2
    dev: false

  /@ant-design/react-slick/0.29.2_react@17.0.2:
    resolution: {integrity: sha512-kgjtKmkGHa19FW21lHnAfyyH9AAoh35pBdcJ53rHmQ3O+cfFHGHnUbj/HFrRNJ5vIts09FKJVAD8RpaC+RaWfA==}
    peerDependencies:
      react: '>=16.9.0'
    dependencies:
      '@babel/runtime': 7.18.9
      classnames: 2.3.1
      json2mq: 0.2.0
      lodash: 4.17.21
      react: 17.0.2
      resize-observer-polyfill: 1.5.1
    dev: false

  /@babel/runtime/7.18.9:
    resolution: {integrity: sha512-lkqXDcvlFT5rvEjiu6+QYO+1GXrEHRo2LOtS7E4GtX5ESIZOgepqsZBVIj6Pv+a6zqsya9VCgiK1KAK4BvJDAw==}
    engines: {node: '>=6.9.0'}
    dependencies:
      regenerator-runtime: 0.13.9
    dev: false

  /@ctrl/tinycolor/3.4.1:
    resolution: {integrity: sha512-ej5oVy6lykXsvieQtqZxCOaLT+xD4+QNarq78cIYISHmZXshCvROLudpQN3lfL8G0NL7plMSSK+zlyvCaIJ4Iw==}
    engines: {node: '>=10'}
    dev: false

  /@next/env/12.2.5:
    resolution: {integrity: sha512-vLPLV3cpPGjUPT3PjgRj7e3nio9t6USkuew3JE/jMeon/9Mvp1WyR18v3iwnCuX7eUAm1HmAbJHHLAbcu/EJcw==}
    dev: false

  /@next/swc-android-arm-eabi/12.2.5:
    resolution: {integrity: sha512-cPWClKxGhgn2dLWnspW+7psl3MoLQUcNqJqOHk2BhNcou9ARDtC0IjQkKe5qcn9qg7I7U83Gp1yh2aesZfZJMA==}
    engines: {node: '>= 10'}
    cpu: [arm]
    os: [android]
    requiresBuild: true
    dev: false
    optional: true

  /@next/swc-android-arm64/12.2.5:
    resolution: {integrity: sha512-vMj0efliXmC5b7p+wfcQCX0AfU8IypjkzT64GiKJD9PgiA3IILNiGJr1fw2lyUDHkjeWx/5HMlMEpLnTsQslwg==}
    engines: {node: '>= 10'}
    cpu: [arm64]
    os: [android]
    requiresBuild: true
    dev: false
    optional: true

  /@next/swc-darwin-arm64/12.2.5:
    resolution: {integrity: sha512-VOPWbO5EFr6snla/WcxUKtvzGVShfs302TEMOtzYyWni6f9zuOetijJvVh9CCTzInnXAZMtHyNhefijA4HMYLg==}
    engines: {node: '>= 10'}
    cpu: [arm64]
    os: [darwin]
    requiresBuild: true
    dev: false
    optional: true

  /@next/swc-darwin-x64/12.2.5:
    resolution: {integrity: sha512-5o8bTCgAmtYOgauO/Xd27vW52G2/m3i5PX7MUYePquxXAnX73AAtqA3WgPXBRitEB60plSKZgOTkcpqrsh546A==}
    engines: {node: '>= 10'}
    cpu: [x64]
    os: [darwin]
    requiresBuild: true
    dev: false
    optional: true

  /@next/swc-freebsd-x64/12.2.5:
    resolution: {integrity: sha512-yYUbyup1JnznMtEBRkK4LT56N0lfK5qNTzr6/DEyDw5TbFVwnuy2hhLBzwCBkScFVjpFdfiC6SQAX3FrAZzuuw==}
    engines: {node: '>= 10'}
    cpu: [x64]
    os: [freebsd]
    requiresBuild: true
    dev: false
    optional: true

  /@next/swc-linux-arm-gnueabihf/12.2.5:
    resolution: {integrity: sha512-2ZE2/G921Acks7UopJZVMgKLdm4vN4U0yuzvAMJ6KBavPzqESA2yHJlm85TV/K9gIjKhSk5BVtauIUntFRP8cg==}
    engines: {node: '>= 10'}
    cpu: [arm]
    os: [linux]
    requiresBuild: true
    dev: false
    optional: true

  /@next/swc-linux-arm64-gnu/12.2.5:
    resolution: {integrity: sha512-/I6+PWVlz2wkTdWqhlSYYJ1pWWgUVva6SgX353oqTh8njNQp1SdFQuWDqk8LnM6ulheVfSsgkDzxrDaAQZnzjQ==}
    engines: {node: '>= 10'}
    cpu: [arm64]
    os: [linux]
    requiresBuild: true
    dev: false
    optional: true

  /@next/swc-linux-arm64-musl/12.2.5:
    resolution: {integrity: sha512-LPQRelfX6asXyVr59p5sTpx5l+0yh2Vjp/R8Wi4X9pnqcayqT4CUJLiHqCvZuLin3IsFdisJL0rKHMoaZLRfmg==}
    engines: {node: '>= 10'}
    cpu: [arm64]
    os: [linux]
    requiresBuild: true
    dev: false
    optional: true

  /@next/swc-linux-x64-gnu/12.2.5:
    resolution: {integrity: sha512-0szyAo8jMCClkjNK0hknjhmAngUppoRekW6OAezbEYwHXN/VNtsXbfzgYOqjKWxEx3OoAzrT3jLwAF0HdX2MEw==}
    engines: {node: '>= 10'}
    cpu: [x64]
    os: [linux]
    requiresBuild: true
    dev: false
    optional: true

  /@next/swc-linux-x64-musl/12.2.5:
    resolution: {integrity: sha512-zg/Y6oBar1yVnW6Il1I/08/2ukWtOG6s3acdJdEyIdsCzyQi4RLxbbhkD/EGQyhqBvd3QrC6ZXQEXighQUAZ0g==}
    engines: {node: '>= 10'}
    cpu: [x64]
    os: [linux]
    requiresBuild: true
    dev: false
    optional: true

  /@next/swc-win32-arm64-msvc/12.2.5:
    resolution: {integrity: sha512-3/90DRNSqeeSRMMEhj4gHHQlLhhKg5SCCoYfE3kBjGpE63EfnblYUqsszGGZ9ekpKL/R4/SGB40iCQr8tR5Jiw==}
    engines: {node: '>= 10'}
    cpu: [arm64]
    os: [win32]
    requiresBuild: true
    dev: false
    optional: true

  /@next/swc-win32-ia32-msvc/12.2.5:
    resolution: {integrity: sha512-hGLc0ZRAwnaPL4ulwpp4D2RxmkHQLuI8CFOEEHdzZpS63/hMVzv81g8jzYA0UXbb9pus/iTc3VRbVbAM03SRrw==}
    engines: {node: '>= 10'}
    cpu: [ia32]
    os: [win32]
    requiresBuild: true
    dev: false
    optional: true

  /@next/swc-win32-x64-msvc/12.2.5:
    resolution: {integrity: sha512-7h5/ahY7NeaO2xygqVrSG/Y8Vs4cdjxIjowTZ5W6CKoTKn7tmnuxlUc2h74x06FKmbhAd9agOjr/AOKyxYYm9Q==}
    engines: {node: '>= 10'}
    cpu: [x64]
    os: [win32]
    requiresBuild: true
    dev: false
    optional: true

  /@swc/helpers/0.4.3:
    resolution: {integrity: sha512-6JrF+fdUK2zbGpJIlN7G3v966PQjyx/dPt1T9km2wj+EUBqgrxCk3uX4Kct16MIm9gGxfKRcfax2hVf5jvlTzA==}
    dependencies:
      tslib: 2.4.0
    dev: false

  /@types/node/18.7.6:
    resolution: {integrity: sha512-EdxgKRXgYsNITy5mjjXjVE/CS8YENSdhiagGrLqjG0pvA2owgJ6i4l7wy/PFZGC0B1/H20lWKN7ONVDNYDZm7A==}
    dev: true

  /@types/prop-types/15.7.5:
    resolution: {integrity: sha512-JCB8C6SnDoQf0cNycqd/35A7MjcnK+ZTqE7judS6o7utxUCg6imJg3QK2qzHKszlTjcj2cn+NwMB2i96ubpj7w==}
    dev: true

  /@types/react/18.0.17:
    resolution: {integrity: sha512-38ETy4tL+rn4uQQi7mB81G7V1g0u2ryquNmsVIOKUAEIDK+3CUjZ6rSRpdvS99dNBnkLFL83qfmtLacGOTIhwQ==}
    dependencies:
      '@types/prop-types': 15.7.5
      '@types/scheduler': 0.16.2
      csstype: 3.1.0
    dev: true

  /@types/scheduler/0.16.2:
    resolution: {integrity: sha512-hppQEBDmlwhFAXKJX2KnWLYu5yMfi91yazPb2l+lbJiwW+wdo1gNeRA+3RgNSO39WYX2euey41KEwnqesU2Jew==}
    dev: true

  /antd/4.22.8_sfoxds7t5ydpegc3knd667wn6m:
    resolution: {integrity: sha512-mqHuCg9itZX+z6wk+mvRBcfz/U9iiIXS4LoNkyo8X/UBgdN8CoetFmrdvA1UQy1BuWa0/n62LiS1LatdvoTuHw==}
    peerDependencies:
      react: '>=16.9.0'
      react-dom: '>=16.9.0'
    dependencies:
      '@ant-design/colors': 6.0.0
      '@ant-design/icons': 4.7.0_sfoxds7t5ydpegc3knd667wn6m
      '@ant-design/react-slick': 0.29.2_react@17.0.2
      '@babel/runtime': 7.18.9
      '@ctrl/tinycolor': 3.4.1
      classnames: 2.3.1
      copy-to-clipboard: 3.3.2
      lodash: 4.17.21
      memoize-one: 6.0.0
      moment: 2.29.4
      rc-cascader: 3.6.2_sfoxds7t5ydpegc3knd667wn6m
      rc-checkbox: 2.3.2_sfoxds7t5ydpegc3knd667wn6m
      rc-collapse: 3.3.1_sfoxds7t5ydpegc3knd667wn6m
      rc-dialog: 8.9.0_sfoxds7t5ydpegc3knd667wn6m
      rc-drawer: 5.1.0_sfoxds7t5ydpegc3knd667wn6m
      rc-dropdown: 4.0.1_sfoxds7t5ydpegc3knd667wn6m
      rc-field-form: 1.27.1_sfoxds7t5ydpegc3knd667wn6m
      rc-image: 5.7.1_sfoxds7t5ydpegc3knd667wn6m
      rc-input: 0.0.1-alpha.7_sfoxds7t5ydpegc3knd667wn6m
      rc-input-number: 7.3.6_sfoxds7t5ydpegc3knd667wn6m
      rc-mentions: 1.9.2_sfoxds7t5ydpegc3knd667wn6m
      rc-menu: 9.6.3_sfoxds7t5ydpegc3knd667wn6m
      rc-motion: 2.6.2_sfoxds7t5ydpegc3knd667wn6m
      rc-notification: 4.6.0_sfoxds7t5ydpegc3knd667wn6m
      rc-pagination: 3.1.17_sfoxds7t5ydpegc3knd667wn6m
      rc-picker: 2.6.10_sfoxds7t5ydpegc3knd667wn6m
      rc-progress: 3.3.3_sfoxds7t5ydpegc3knd667wn6m
      rc-rate: 2.9.2_sfoxds7t5ydpegc3knd667wn6m
      rc-resize-observer: 1.2.0_sfoxds7t5ydpegc3knd667wn6m
      rc-segmented: 2.1.0_sfoxds7t5ydpegc3knd667wn6m
      rc-select: 14.1.11_sfoxds7t5ydpegc3knd667wn6m
      rc-slider: 10.0.1_sfoxds7t5ydpegc3knd667wn6m
      rc-steps: 4.1.4_sfoxds7t5ydpegc3knd667wn6m
      rc-switch: 3.2.2_sfoxds7t5ydpegc3knd667wn6m
      rc-table: 7.25.3_sfoxds7t5ydpegc3knd667wn6m
      rc-tabs: 11.16.1_sfoxds7t5ydpegc3knd667wn6m
      rc-textarea: 0.3.7_sfoxds7t5ydpegc3knd667wn6m
      rc-tooltip: 5.2.2_sfoxds7t5ydpegc3knd667wn6m
      rc-tree: 5.6.6_sfoxds7t5ydpegc3knd667wn6m
      rc-tree-select: 5.4.1_sfoxds7t5ydpegc3knd667wn6m
      rc-trigger: 5.3.1_sfoxds7t5ydpegc3knd667wn6m
      rc-upload: 4.3.4_sfoxds7t5ydpegc3knd667wn6m
      rc-util: 5.23.0_sfoxds7t5ydpegc3knd667wn6m
      react: 17.0.2
      react-dom: 17.0.2_react@17.0.2
      scroll-into-view-if-needed: 2.2.29
    dev: false

  /array-tree-filter/2.1.0:
    resolution: {integrity: sha512-4ROwICNlNw/Hqa9v+rk5h22KjmzB1JGTMVKP2AKJBOCgb0yL0ASf0+YvCcLNNwquOHNX48jkeZIJ3a+oOQqKcw==}
    dev: false

  /async-validator/4.2.5:
    resolution: {integrity: sha512-7HhHjtERjqlNbZtqNqy2rckN/SpOOlmDliet+lP7k+eKZEjPk3DgyeU9lIXLdeLz0uBbbVp+9Qdow9wJWgwwfg==}
    dev: false

  /caniuse-lite/1.0.30001378:
    resolution: {integrity: sha512-JVQnfoO7FK7WvU4ZkBRbPjaot4+YqxogSDosHv0Hv5mWpUESmN+UubMU6L/hGz8QlQ2aY5U0vR6MOs6j/CXpNA==}
    dev: false

  /classnames/2.3.1:
    resolution: {integrity: sha512-OlQdbZ7gLfGarSqxesMesDa5uz7KFbID8Kpq/SxIoNGDqY8lSYs0D+hhtBXhcdB3rcbXArFr7vlHheLk1voeNA==}
    dev: false

  /compute-scroll-into-view/1.0.17:
    resolution: {integrity: sha512-j4dx+Fb0URmzbwwMUrhqWM2BEWHdFGx+qZ9qqASHRPqvTYdqvWnHg0H1hIbcyLnvgnoNAVMlwkepyqM3DaIFUg==}
    dev: false

  /copy-to-clipboard/3.3.2:
    resolution: {integrity: sha512-Vme1Z6RUDzrb6xAI7EZlVZ5uvOk2F//GaxKUxajDqm9LhOVM1inxNAD2vy+UZDYsd0uyA9s7b3/FVZPSxqrCfg==}
    dependencies:
      toggle-selection: 1.0.6
    dev: false

  /csstype/3.1.0:
    resolution: {integrity: sha512-uX1KG+x9h5hIJsaKR9xHUeUraxf8IODOwq9JLNPq6BwB04a/xgpq3rcx47l5BZu5zBPlgD342tdke3Hom/nJRA==}
    dev: true

  /date-fns/2.29.2:
    resolution: {integrity: sha512-0VNbwmWJDS/G3ySwFSJA3ayhbURMTJLtwM2DTxf9CWondCnh6DTNlO9JgRSq6ibf4eD0lfMJNBxUdEAHHix+bA==}
    engines: {node: '>=0.11'}
    dev: false

  /dayjs/1.11.5:
    resolution: {integrity: sha512-CAdX5Q3YW3Gclyo5Vpqkgpj8fSdLQcRuzfX6mC6Phy0nfJ0eGYOeS7m4mt2plDWLAtA4TqTakvbboHvUxfe4iA==}
    dev: false

  /dom-align/1.12.3:
    resolution: {integrity: sha512-Gj9hZN3a07cbR6zviMUBOMPdWxYhbMI+x+WS0NAIu2zFZmbK8ys9R79g+iG9qLnlCwpFoaB+fKy8Pdv470GsPA==}
    dev: false

  /js-tokens/4.0.0:
    resolution: {integrity: sha512-RdJUflcE3cUzKiMqQgsCu06FPu9UdIJO0beYbPhHN4k6apgJtifcoCtT9bcxOpYBtpD2kCM6Sbzg4CausW/PKQ==}
    dev: false

  /json2mq/0.2.0:
    resolution: {integrity: sha512-SzoRg7ux5DWTII9J2qkrZrqV1gt+rTaoufMxEzXbS26Uid0NwaJd123HcoB80TgubEppxxIGdNxCx50fEoEWQA==}
    dependencies:
      string-convert: 0.2.1
    dev: false

  /lodash/4.17.21:
    resolution: {integrity: sha512-v2kDEe57lecTulaDIuNTPy3Ry4gLGJ6Z1O3vE1krgXZNrsQ+LFTGHVxVjcXPs17LhbZVGedAJv8XZ1tvj5FvSg==}
    dev: false

  /loose-envify/1.4.0:
    resolution: {integrity: sha512-lyuxPGr/Wfhrlem2CL/UcnUc1zcqKAImBDzukY7Y5F/yQiNdko6+fRLevlw1HgMySw7f611UIY408EtxRSoK3Q==}
    hasBin: true
    dependencies:
      js-tokens: 4.0.0
    dev: false

  /memoize-one/6.0.0:
    resolution: {integrity: sha512-rkpe71W0N0c0Xz6QD0eJETuWAJGnJ9afsl1srmwPrI+yBCkge5EycXXbYRyvL29zZVUWQCY7InPRCv3GDXuZNw==}
    dev: false

  /moment/2.29.4:
    resolution: {integrity: sha512-5LC9SOxjSc2HF6vO2CyuTDNivEdoz2IvyJJGj6X8DJ0eFyfszE0QiEd+iXmBvUP3WHxSjFH/vIsA0EN00cgr8w==}
    dev: false

  /nanoid/3.3.4:
    resolution: {integrity: sha512-MqBkQh/OHTS2egovRtLk45wEyNXwF+cokD+1YPf9u5VfJiRdAiRwB2froX5Co9Rh20xs4siNPm8naNotSD6RBw==}
    engines: {node: ^10 || ^12 || ^13.7 || ^14 || >=15.0.1}
    hasBin: true
    dev: false

  /next/12.2.5_sfoxds7t5ydpegc3knd667wn6m:
    resolution: {integrity: sha512-tBdjqX5XC/oFs/6gxrZhjmiq90YWizUYU6qOWAfat7zJwrwapJ+BYgX2PmiacunXMaRpeVT4vz5MSPSLgNkrpA==}
    engines: {node: '>=12.22.0'}
    hasBin: true
    peerDependencies:
      fibers: '>= 3.1.0'
      node-sass: ^6.0.0 || ^7.0.0
      react: ^17.0.2 || ^18.0.0-0
      react-dom: ^17.0.2 || ^18.0.0-0
      sass: ^1.3.0
    peerDependenciesMeta:
      fibers:
        optional: true
      node-sass:
        optional: true
      sass:
        optional: true
    dependencies:
      '@next/env': 12.2.5
      '@swc/helpers': 0.4.3
      caniuse-lite: 1.0.30001378
      postcss: 8.4.14
      react: 17.0.2
      react-dom: 17.0.2_react@17.0.2
      styled-jsx: 5.0.4_react@17.0.2
      use-sync-external-store: 1.2.0_react@17.0.2
    optionalDependencies:
      '@next/swc-android-arm-eabi': 12.2.5
      '@next/swc-android-arm64': 12.2.5
      '@next/swc-darwin-arm64': 12.2.5
      '@next/swc-darwin-x64': 12.2.5
      '@next/swc-freebsd-x64': 12.2.5
      '@next/swc-linux-arm-gnueabihf': 12.2.5
      '@next/swc-linux-arm64-gnu': 12.2.5
      '@next/swc-linux-arm64-musl': 12.2.5
      '@next/swc-linux-x64-gnu': 12.2.5
      '@next/swc-linux-x64-musl': 12.2.5
      '@next/swc-win32-arm64-msvc': 12.2.5
      '@next/swc-win32-ia32-msvc': 12.2.5
      '@next/swc-win32-x64-msvc': 12.2.5
    transitivePeerDependencies:
      - '@babel/core'
      - babel-plugin-macros
    dev: false

  /object-assign/4.1.1:
    resolution: {integrity: sha512-rJgTQnkUnH1sFw8yT6VSU3zD3sWmu6sZhIseY8VX+GRu3P6F7Fu+JNDoXfklElbLJSnc3FUQHVe4cU5hj+BcUg==}
    engines: {node: '>=0.10.0'}
    dev: false

  /picocolors/1.0.0:
    resolution: {integrity: sha512-1fygroTLlHu66zi26VoTDv8yRgm0Fccecssto+MhsZ0D/DGW2sm8E8AjW7NU5VVTRt5GxbeZ5qBuJr+HyLYkjQ==}
    dev: false

  /postcss/8.4.14:
    resolution: {integrity: sha512-E398TUmfAYFPBSdzgeieK2Y1+1cpdxJx8yXbK/m57nRhKSmk1GB2tO4lbLBtlkfPQTDKfe4Xqv1ASWPpayPEig==}
    engines: {node: ^10 || ^12 || >=14}
    dependencies:
      nanoid: 3.3.4
      picocolors: 1.0.0
      source-map-js: 1.0.2
    dev: false

  /rc-align/4.0.12_sfoxds7t5ydpegc3knd667wn6m:
    resolution: {integrity: sha512-3DuwSJp8iC/dgHzwreOQl52soj40LchlfUHtgACOUtwGuoFIOVh6n/sCpfqCU8kO5+iz6qR0YKvjgB8iPdE3aQ==}
    peerDependencies:
      react: '>=16.9.0'
      react-dom: '>=16.9.0'
    dependencies:
      '@babel/runtime': 7.18.9
      classnames: 2.3.1
      dom-align: 1.12.3
      lodash: 4.17.21
      rc-util: 5.23.0_sfoxds7t5ydpegc3knd667wn6m
      react: 17.0.2
      react-dom: 17.0.2_react@17.0.2
      resize-observer-polyfill: 1.5.1
    dev: false

  /rc-cascader/3.6.2_sfoxds7t5ydpegc3knd667wn6m:
    resolution: {integrity: sha512-sf2otpazlROTzkD3nZVfIzXmfBLiEOBTXA5wxozGXBpS902McDpvF0bdcYBu5hN+rviEAm6Mh9cLXNQ1Ty8wKQ==}
    peerDependencies:
      react: '>=16.9.0'
      react-dom: '>=16.9.0'
    dependencies:
      '@babel/runtime': 7.18.9
      array-tree-filter: 2.1.0
      classnames: 2.3.1
      rc-select: 14.1.11_sfoxds7t5ydpegc3knd667wn6m
      rc-tree: 5.6.6_sfoxds7t5ydpegc3knd667wn6m
      rc-util: 5.23.0_sfoxds7t5ydpegc3knd667wn6m
      react: 17.0.2
      react-dom: 17.0.2_react@17.0.2
    dev: false

  /rc-checkbox/2.3.2_sfoxds7t5ydpegc3knd667wn6m:
    resolution: {integrity: sha512-afVi1FYiGv1U0JlpNH/UaEXdh6WUJjcWokj/nUN2TgG80bfG+MDdbfHKlLcNNba94mbjy2/SXJ1HDgrOkXGAjg==}
    peerDependencies:
      react: '>=16.9.0'
      react-dom: '>=16.9.0'
    dependencies:
      '@babel/runtime': 7.18.9
      classnames: 2.3.1
      react: 17.0.2
      react-dom: 17.0.2_react@17.0.2
    dev: false

  /rc-collapse/3.3.1_sfoxds7t5ydpegc3knd667wn6m:
    resolution: {integrity: sha512-cOJfcSe3R8vocrF8T+PgaHDrgeA1tX+lwfhwSj60NX9QVRidsILIbRNDLD6nAzmcvVC5PWiIRiR4S1OobxdhCg==}
    peerDependencies:
      react: '>=16.9.0'
      react-dom: '>=16.9.0'
    dependencies:
      '@babel/runtime': 7.18.9
      classnames: 2.3.1
      rc-motion: 2.6.2_sfoxds7t5ydpegc3knd667wn6m
      rc-util: 5.23.0_sfoxds7t5ydpegc3knd667wn6m
      react: 17.0.2
      react-dom: 17.0.2_react@17.0.2
      shallowequal: 1.1.0
    dev: false

  /rc-dialog/8.9.0_sfoxds7t5ydpegc3knd667wn6m:
    resolution: {integrity: sha512-Cp0tbJnrvPchJfnwIvOMWmJ4yjX3HWFatO6oBFD1jx8QkgsQCR0p8nUWAKdd3seLJhEC39/v56kZaEjwp9muoQ==}
    peerDependencies:
      react: '>=16.9.0'
      react-dom: '>=16.9.0'
    dependencies:
      '@babel/runtime': 7.18.9
      classnames: 2.3.1
      rc-motion: 2.6.2_sfoxds7t5ydpegc3knd667wn6m
      rc-util: 5.23.0_sfoxds7t5ydpegc3knd667wn6m
      react: 17.0.2
      react-dom: 17.0.2_react@17.0.2
    dev: false

  /rc-drawer/5.1.0_sfoxds7t5ydpegc3knd667wn6m:
    resolution: {integrity: sha512-pU3Tsn99pxGdYowXehzZbdDVE+4lDXSGb7p8vA9mSmr569oc2Izh4Zw5vLKSe/Xxn2p5MSNbLVqD4tz+pK6SOw==}
    peerDependencies:
      react: '>=16.9.0'
      react-dom: '>=16.9.0'
    dependencies:
      '@babel/runtime': 7.18.9
      classnames: 2.3.1
      rc-motion: 2.6.2_sfoxds7t5ydpegc3knd667wn6m
      rc-util: 5.23.0_sfoxds7t5ydpegc3knd667wn6m
      react: 17.0.2
      react-dom: 17.0.2_react@17.0.2
    dev: false

  /rc-dropdown/4.0.1_sfoxds7t5ydpegc3knd667wn6m:
    resolution: {integrity: sha512-OdpXuOcme1rm45cR0Jzgfl1otzmU4vuBVb+etXM8vcaULGokAKVpKlw8p6xzspG7jGd/XxShvq+N3VNEfk/l5g==}
    peerDependencies:
      react: '>=16.11.0'
      react-dom: '>=16.11.0'
    dependencies:
      '@babel/runtime': 7.18.9
      classnames: 2.3.1
      rc-trigger: 5.3.1_sfoxds7t5ydpegc3knd667wn6m
      rc-util: 5.23.0_sfoxds7t5ydpegc3knd667wn6m
      react: 17.0.2
      react-dom: 17.0.2_react@17.0.2
    dev: false

  /rc-field-form/1.27.1_sfoxds7t5ydpegc3knd667wn6m:
    resolution: {integrity: sha512-RShegnwFu6TH8tl2olCxn+B4Wyh5EiQH8c/7wucbkLNyue05YiH5gomUAg1vbZjp71yFKwegClctsEG5CNBWAA==}
    engines: {node: '>=8.x'}
    peerDependencies:
      react: '>=16.9.0'
      react-dom: '>=16.9.0'
    dependencies:
      '@babel/runtime': 7.18.9
      async-validator: 4.2.5
      rc-util: 5.23.0_sfoxds7t5ydpegc3knd667wn6m
      react: 17.0.2
      react-dom: 17.0.2_react@17.0.2
    dev: false

  /rc-image/5.7.1_sfoxds7t5ydpegc3knd667wn6m:
    resolution: {integrity: sha512-QyMfdhoUfb5W14plqXSisaYwpdstcLYnB0MjX5ccIK2rydQM9sDPuekQWu500DDGR2dBaIF5vx9XbWkNFK17Fg==}
    peerDependencies:
      react: '>=16.9.0'
      react-dom: '>=16.9.0'
    dependencies:
      '@babel/runtime': 7.18.9
      classnames: 2.3.1
      rc-dialog: 8.9.0_sfoxds7t5ydpegc3knd667wn6m
      rc-util: 5.23.0_sfoxds7t5ydpegc3knd667wn6m
      react: 17.0.2
      react-dom: 17.0.2_react@17.0.2
    dev: false

  /rc-input-number/7.3.6_sfoxds7t5ydpegc3knd667wn6m:
    resolution: {integrity: sha512-Se62oMOBn9HwF/gSag+YtAYyKZsjJzEsqmyAJHAnAvPfjZJOu7dLMlQRwBbTtELbKXM/Y5Fztcq8CW2Y9f49qA==}
    peerDependencies:
      react: '>=16.9.0'
      react-dom: '>=16.9.0'
    dependencies:
      '@babel/runtime': 7.18.9
      classnames: 2.3.1
      rc-util: 5.23.0_sfoxds7t5ydpegc3knd667wn6m
      react: 17.0.2
      react-dom: 17.0.2_react@17.0.2
    dev: false

  /rc-input/0.0.1-alpha.7_sfoxds7t5ydpegc3knd667wn6m:
    resolution: {integrity: sha512-eozaqpCYWSY5LBMwlHgC01GArkVEP+XlJ84OMvdkwUnJBSv83Yxa15pZpn7vACAj84uDC4xOA2CoFdbLuqB08Q==}
    peerDependencies:
      react: '>=16.0.0'
      react-dom: '>=16.0.0'
    dependencies:
      '@babel/runtime': 7.18.9
      classnames: 2.3.1
      rc-util: 5.23.0_sfoxds7t5ydpegc3knd667wn6m
      react: 17.0.2
      react-dom: 17.0.2_react@17.0.2
    dev: false

  /rc-mentions/1.9.2_sfoxds7t5ydpegc3knd667wn6m:
    resolution: {integrity: sha512-uxb/lzNnEGmvraKWNGE6KXMVXvt8RQv9XW8R0Dqi3hYsyPiAZeHRCHQKdLARuk5YBhFhZ6ga55D/8XuY367g3g==}
    peerDependencies:
      react: '>=16.9.0'
      react-dom: '>=16.9.0'
    dependencies:
      '@babel/runtime': 7.18.9
      classnames: 2.3.1
      rc-menu: 9.6.3_sfoxds7t5ydpegc3knd667wn6m
      rc-textarea: 0.3.7_sfoxds7t5ydpegc3knd667wn6m
      rc-trigger: 5.3.1_sfoxds7t5ydpegc3knd667wn6m
      rc-util: 5.23.0_sfoxds7t5ydpegc3knd667wn6m
      react: 17.0.2
      react-dom: 17.0.2_react@17.0.2
    dev: false

  /rc-menu/9.6.3_sfoxds7t5ydpegc3knd667wn6m:
    resolution: {integrity: sha512-KY9QilKWgkJZ0JSpOBgIpQF2wMRRodRxpIMYyIJ3Nd5N6xfVLOxXCxevHcBplt+Ez7MhUF+I03MuAKqWQJLZgw==}
    peerDependencies:
      react: '>=16.9.0'
      react-dom: '>=16.9.0'
    dependencies:
      '@babel/runtime': 7.18.9
      classnames: 2.3.1
      rc-motion: 2.6.2_sfoxds7t5ydpegc3knd667wn6m
      rc-overflow: 1.2.8_sfoxds7t5ydpegc3knd667wn6m
      rc-trigger: 5.3.1_sfoxds7t5ydpegc3knd667wn6m
      rc-util: 5.23.0_sfoxds7t5ydpegc3knd667wn6m
      react: 17.0.2
      react-dom: 17.0.2_react@17.0.2
      shallowequal: 1.1.0
    dev: false

  /rc-motion/2.6.2_sfoxds7t5ydpegc3knd667wn6m:
    resolution: {integrity: sha512-4w1FaX3dtV749P8GwfS4fYnFG4Rb9pxvCYPc/b2fw1cmlHJWNNgOFIz7ysiD+eOrzJSvnLJWlNQQncpNMXwwpg==}
    peerDependencies:
      react: '>=16.9.0'
      react-dom: '>=16.9.0'
    dependencies:
      '@babel/runtime': 7.18.9
      classnames: 2.3.1
      rc-util: 5.23.0_sfoxds7t5ydpegc3knd667wn6m
      react: 17.0.2
      react-dom: 17.0.2_react@17.0.2
    dev: false

  /rc-notification/4.6.0_sfoxds7t5ydpegc3knd667wn6m:
    resolution: {integrity: sha512-xF3MKgIoynzjQAO4lqsoraiFo3UXNYlBfpHs0VWvwF+4pimen9/H1DYLN2mfRWhHovW6gRpla73m2nmyIqAMZQ==}
    engines: {node: '>=8.x'}
    peerDependencies:
      react: '>=16.9.0'
      react-dom: '>=16.9.0'
    dependencies:
      '@babel/runtime': 7.18.9
      classnames: 2.3.1
      rc-motion: 2.6.2_sfoxds7t5ydpegc3knd667wn6m
      rc-util: 5.23.0_sfoxds7t5ydpegc3knd667wn6m
      react: 17.0.2
      react-dom: 17.0.2_react@17.0.2
    dev: false

  /rc-overflow/1.2.8_sfoxds7t5ydpegc3knd667wn6m:
    resolution: {integrity: sha512-QJ0UItckWPQ37ZL1dMEBAdY1dhfTXFL9k6oTTcyydVwoUNMnMqCGqnRNA98axSr/OeDKqR6DVFyi8eA5RQI/uQ==}
    peerDependencies:
      react: '>=16.9.0'
      react-dom: '>=16.9.0'
    dependencies:
      '@babel/runtime': 7.18.9
      classnames: 2.3.1
      rc-resize-observer: 1.2.0_sfoxds7t5ydpegc3knd667wn6m
      rc-util: 5.23.0_sfoxds7t5ydpegc3knd667wn6m
      react: 17.0.2
      react-dom: 17.0.2_react@17.0.2
    dev: false

  /rc-pagination/3.1.17_sfoxds7t5ydpegc3knd667wn6m:
    resolution: {integrity: sha512-/BQ5UxcBnW28vFAcP2hfh+Xg15W0QZn8TWYwdCApchMH1H0CxiaUUcULP8uXcFM1TygcdKWdt3JqsL9cTAfdkQ==}
    peerDependencies:
      react: '>=16.9.0'
      react-dom: '>=16.9.0'
    dependencies:
      '@babel/runtime': 7.18.9
      classnames: 2.3.1
      react: 17.0.2
      react-dom: 17.0.2_react@17.0.2
    dev: false

  /rc-picker/2.6.10_sfoxds7t5ydpegc3knd667wn6m:
    resolution: {integrity: sha512-9wYtw0DFWs9FO92Qh2D76P0iojUr8ZhLOtScUeOit6ks/F+TBLrOC1uze3IOu+u9gbDAjmosNWLKbBzx/Yuv2w==}
    engines: {node: '>=8.x'}
    peerDependencies:
      react: '>=16.9.0'
      react-dom: '>=16.9.0'
    dependencies:
      '@babel/runtime': 7.18.9
      classnames: 2.3.1
      date-fns: 2.29.2
      dayjs: 1.11.5
      moment: 2.29.4
      rc-trigger: 5.3.1_sfoxds7t5ydpegc3knd667wn6m
      rc-util: 5.23.0_sfoxds7t5ydpegc3knd667wn6m
      react: 17.0.2
      react-dom: 17.0.2_react@17.0.2
      shallowequal: 1.1.0
    dev: false

  /rc-progress/3.3.3_sfoxds7t5ydpegc3knd667wn6m:
    resolution: {integrity: sha512-MDVNVHzGanYtRy2KKraEaWeZLri2ZHWIRyaE1a9MQ2MuJ09m+Wxj5cfcaoaR6z5iRpHpA59YeUxAlpML8N4PJw==}
    peerDependencies:
      react: '>=16.9.0'
      react-dom: '>=16.9.0'
    dependencies:
      '@babel/runtime': 7.18.9
      classnames: 2.3.1
      rc-util: 5.23.0_sfoxds7t5ydpegc3knd667wn6m
      react: 17.0.2
      react-dom: 17.0.2_react@17.0.2
    dev: false

  /rc-rate/2.9.2_sfoxds7t5ydpegc3knd667wn6m:
    resolution: {integrity: sha512-SaiZFyN8pe0Fgphv8t3+kidlej+cq/EALkAJAc3A0w0XcPaH2L1aggM8bhe1u6GAGuQNAoFvTLjw4qLPGRKV5g==}
    engines: {node: '>=8.x'}
    peerDependencies:
      react: '>=16.9.0'
      react-dom: '>=16.9.0'
    dependencies:
      '@babel/runtime': 7.18.9
      classnames: 2.3.1
      rc-util: 5.23.0_sfoxds7t5ydpegc3knd667wn6m
      react: 17.0.2
      react-dom: 17.0.2_react@17.0.2
    dev: false

  /rc-resize-observer/1.2.0_sfoxds7t5ydpegc3knd667wn6m:
    resolution: {integrity: sha512-6W+UzT3PyDM0wVCEHfoW3qTHPTvbdSgiA43buiy8PzmeMnfgnDeb9NjdimMXMl3/TcrvvWl5RRVdp+NqcR47pQ==}
    peerDependencies:
      react: '>=16.9.0'
      react-dom: '>=16.9.0'
    dependencies:
      '@babel/runtime': 7.18.9
      classnames: 2.3.1
      rc-util: 5.23.0_sfoxds7t5ydpegc3knd667wn6m
      react: 17.0.2
      react-dom: 17.0.2_react@17.0.2
      resize-observer-polyfill: 1.5.1
    dev: false

  /rc-segmented/2.1.0_sfoxds7t5ydpegc3knd667wn6m:
    resolution: {integrity: sha512-hUlonro+pYoZcwrH6Vm56B2ftLfQh046hrwif/VwLIw1j3zGt52p5mREBwmeVzXnSwgnagpOpfafspzs1asjGw==}
    peerDependencies:
      react: '>=16.0.0'
      react-dom: '>=16.0.0'
    dependencies:
      '@babel/runtime': 7.18.9
      classnames: 2.3.1
      rc-motion: 2.6.2_sfoxds7t5ydpegc3knd667wn6m
      rc-util: 5.23.0_sfoxds7t5ydpegc3knd667wn6m
      react: 17.0.2
      react-dom: 17.0.2_react@17.0.2
    dev: false

  /rc-select/14.1.11_sfoxds7t5ydpegc3knd667wn6m:
    resolution: {integrity: sha512-3UI781eaTg/V4BEc8rLk1i2BQmO+n0sOsi3RKcV2EkHu2ErjTlg/1SOixllnWTWcH02oizvdvALZ1nvZulin9A==}
    engines: {node: '>=8.x'}
    peerDependencies:
      react: '*'
      react-dom: '*'
    dependencies:
      '@babel/runtime': 7.18.9
      classnames: 2.3.1
      rc-motion: 2.6.2_sfoxds7t5ydpegc3knd667wn6m
      rc-overflow: 1.2.8_sfoxds7t5ydpegc3knd667wn6m
      rc-trigger: 5.3.1_sfoxds7t5ydpegc3knd667wn6m
      rc-util: 5.23.0_sfoxds7t5ydpegc3knd667wn6m
      rc-virtual-list: 3.4.8_sfoxds7t5ydpegc3knd667wn6m
      react: 17.0.2
      react-dom: 17.0.2_react@17.0.2
    dev: false

  /rc-slider/10.0.1_sfoxds7t5ydpegc3knd667wn6m:
    resolution: {integrity: sha512-igTKF3zBet7oS/3yNiIlmU8KnZ45npmrmHlUUio8PNbIhzMcsh+oE/r2UD42Y6YD2D/s+kzCQkzQrPD6RY435Q==}
    engines: {node: '>=8.x'}
    peerDependencies:
      react: '>=16.9.0'
      react-dom: '>=16.9.0'
    dependencies:
      '@babel/runtime': 7.18.9
      classnames: 2.3.1
      rc-util: 5.23.0_sfoxds7t5ydpegc3knd667wn6m
      react: 17.0.2
      react-dom: 17.0.2_react@17.0.2
      shallowequal: 1.1.0
    dev: false

  /rc-steps/4.1.4_sfoxds7t5ydpegc3knd667wn6m:
    resolution: {integrity: sha512-qoCqKZWSpkh/b03ASGx1WhpKnuZcRWmvuW+ZUu4mvMdfvFzVxblTwUM+9aBd0mlEUFmt6GW8FXhMpHkK3Uzp3w==}
    engines: {node: '>=8.x'}
    peerDependencies:
      react: '>=16.9.0'
      react-dom: '>=16.9.0'
    dependencies:
      '@babel/runtime': 7.18.9
      classnames: 2.3.1
      rc-util: 5.23.0_sfoxds7t5ydpegc3knd667wn6m
      react: 17.0.2
      react-dom: 17.0.2_react@17.0.2
    dev: false

  /rc-switch/3.2.2_sfoxds7t5ydpegc3knd667wn6m:
    resolution: {integrity: sha512-+gUJClsZZzvAHGy1vZfnwySxj+MjLlGRyXKXScrtCTcmiYNPzxDFOxdQ/3pK1Kt/0POvwJ/6ALOR8gwdXGhs+A==}
    peerDependencies:
      react: '>=16.9.0'
      react-dom: '>=16.9.0'
    dependencies:
      '@babel/runtime': 7.18.9
      classnames: 2.3.1
      rc-util: 5.23.0_sfoxds7t5ydpegc3knd667wn6m
      react: 17.0.2
      react-dom: 17.0.2_react@17.0.2
    dev: false

  /rc-table/7.25.3_sfoxds7t5ydpegc3knd667wn6m:
    resolution: {integrity: sha512-McsLJ2rg8EEpRBRYN4Pf9gT7ZNYnjvF9zrBpUBBbUX/fxk+eGi5ff1iPIhMyiHsH71/BmTUzX9nc9XqupD0nMg==}
    engines: {node: '>=8.x'}
    peerDependencies:
      react: '>=16.9.0'
      react-dom: '>=16.9.0'
    dependencies:
      '@babel/runtime': 7.18.9
      classnames: 2.3.1
      rc-resize-observer: 1.2.0_sfoxds7t5ydpegc3knd667wn6m
      rc-util: 5.23.0_sfoxds7t5ydpegc3knd667wn6m
      react: 17.0.2
      react-dom: 17.0.2_react@17.0.2
      shallowequal: 1.1.0
    dev: false

  /rc-tabs/11.16.1_sfoxds7t5ydpegc3knd667wn6m:
    resolution: {integrity: sha512-bR7Dap23YyfzZQwtKomhiFEFzZuE7WaKWo+ypNRSGB9PDKSc6tM12VP8LWYkvmmQHthgwP0WRN8nFbSJWuqLYw==}
    engines: {node: '>=8.x'}
    peerDependencies:
      react: '>=16.9.0'
      react-dom: '>=16.9.0'
    dependencies:
      '@babel/runtime': 7.18.9
      classnames: 2.3.1
      rc-dropdown: 4.0.1_sfoxds7t5ydpegc3knd667wn6m
      rc-menu: 9.6.3_sfoxds7t5ydpegc3knd667wn6m
      rc-resize-observer: 1.2.0_sfoxds7t5ydpegc3knd667wn6m
      rc-util: 5.23.0_sfoxds7t5ydpegc3knd667wn6m
      react: 17.0.2
      react-dom: 17.0.2_react@17.0.2
    dev: false

  /rc-textarea/0.3.7_sfoxds7t5ydpegc3knd667wn6m:
    resolution: {integrity: sha512-yCdZ6binKmAQB13hc/oehh0E/QRwoPP1pjF21aHBxlgXO3RzPF6dUu4LG2R4FZ1zx/fQd2L1faktulrXOM/2rw==}
    peerDependencies:
      react: '>=16.9.0'
      react-dom: '>=16.9.0'
    dependencies:
      '@babel/runtime': 7.18.9
      classnames: 2.3.1
      rc-resize-observer: 1.2.0_sfoxds7t5ydpegc3knd667wn6m
      rc-util: 5.23.0_sfoxds7t5ydpegc3knd667wn6m
      react: 17.0.2
      react-dom: 17.0.2_react@17.0.2
      shallowequal: 1.1.0
    dev: false

  /rc-tooltip/5.2.2_sfoxds7t5ydpegc3knd667wn6m:
    resolution: {integrity: sha512-jtQzU/18S6EI3lhSGoDYhPqNpWajMtS5VV/ld1LwyfrDByQpYmw/LW6U7oFXXLukjfDHQ7Ju705A82PRNFWYhg==}
    peerDependencies:
      react: '>=16.9.0'
      react-dom: '>=16.9.0'
    dependencies:
      '@babel/runtime': 7.18.9
      classnames: 2.3.1
      rc-trigger: 5.3.1_sfoxds7t5ydpegc3knd667wn6m
      react: 17.0.2
      react-dom: 17.0.2_react@17.0.2
    dev: false

  /rc-tree-select/5.4.1_sfoxds7t5ydpegc3knd667wn6m:
    resolution: {integrity: sha512-xhXnKP8Stu2Q7wTcjJaSzSOLd4wmFtUZOwmy1cioaWyPbpiKlYdnALXA/9U49HOaV3KFXdRHE9Yi0KYED7yOAQ==}
    peerDependencies:
      react: '*'
      react-dom: '*'
    dependencies:
      '@babel/runtime': 7.18.9
      classnames: 2.3.1
      rc-select: 14.1.11_sfoxds7t5ydpegc3knd667wn6m
      rc-tree: 5.6.6_sfoxds7t5ydpegc3knd667wn6m
      rc-util: 5.23.0_sfoxds7t5ydpegc3knd667wn6m
      react: 17.0.2
      react-dom: 17.0.2_react@17.0.2
    dev: false

  /rc-tree/5.6.6_sfoxds7t5ydpegc3knd667wn6m:
    resolution: {integrity: sha512-HI/q4D4AHOp48OZcBUvJFWkI5OfnZivvGYI0xzI0dy0Mita2KcTGZv7/Yl6Aq3bL3od3x5AqAXq/7qxR3x4Kkg==}
    engines: {node: '>=10.x'}
    peerDependencies:
      react: '*'
      react-dom: '*'
    dependencies:
      '@babel/runtime': 7.18.9
      classnames: 2.3.1
      rc-motion: 2.6.2_sfoxds7t5ydpegc3knd667wn6m
      rc-util: 5.23.0_sfoxds7t5ydpegc3knd667wn6m
      rc-virtual-list: 3.4.8_sfoxds7t5ydpegc3knd667wn6m
      react: 17.0.2
      react-dom: 17.0.2_react@17.0.2
    dev: false

  /rc-trigger/5.3.1_sfoxds7t5ydpegc3knd667wn6m:
    resolution: {integrity: sha512-5gaFbDkYSefZ14j2AdzucXzlWgU2ri5uEjkHvsf1ynRhdJbKxNOnw4PBZ9+FVULNGFiDzzlVF8RJnR9P/xrnKQ==}
    engines: {node: '>=8.x'}
    peerDependencies:
      react: '>=16.9.0'
      react-dom: '>=16.9.0'
    dependencies:
      '@babel/runtime': 7.18.9
      classnames: 2.3.1
      rc-align: 4.0.12_sfoxds7t5ydpegc3knd667wn6m
      rc-motion: 2.6.2_sfoxds7t5ydpegc3knd667wn6m
      rc-util: 5.23.0_sfoxds7t5ydpegc3knd667wn6m
      react: 17.0.2
      react-dom: 17.0.2_react@17.0.2
    dev: false

  /rc-upload/4.3.4_sfoxds7t5ydpegc3knd667wn6m:
    resolution: {integrity: sha512-uVbtHFGNjHG/RyAfm9fluXB6pvArAGyAx8z7XzXXyorEgVIWj6mOlriuDm0XowDHYz4ycNK0nE0oP3cbFnzxiQ==}
    peerDependencies:
      react: '>=16.9.0'
      react-dom: '>=16.9.0'
    dependencies:
      '@babel/runtime': 7.18.9
      classnames: 2.3.1
      rc-util: 5.23.0_sfoxds7t5ydpegc3knd667wn6m
      react: 17.0.2
      react-dom: 17.0.2_react@17.0.2
    dev: false

  /rc-util/5.23.0_sfoxds7t5ydpegc3knd667wn6m:
    resolution: {integrity: sha512-lgm6diJ/pLgyfoZY59Vz7sW4mSoQCgozqbBye9IJ7/mb5w5h4T7h+i2JpXAx/UBQxscBZe68q0sP7EW+qfkKUg==}
    peerDependencies:
      react: '>=16.9.0'
      react-dom: '>=16.9.0'
    dependencies:
      '@babel/runtime': 7.18.9
      react: 17.0.2
      react-dom: 17.0.2_react@17.0.2
      react-is: 16.13.1
      shallowequal: 1.1.0
    dev: false

  /rc-virtual-list/3.4.8_sfoxds7t5ydpegc3knd667wn6m:
    resolution: {integrity: sha512-qSN+Rv4i/E7RCTvTMr1uZo7f3crJJg/5DekoCagydo9zsXrxj07zsFSxqizqW+ldGA16lwa8So/bIbV9Ofjddg==}
    engines: {node: '>=8.x'}
    peerDependencies:
      react: '*'
      react-dom: '*'
    dependencies:
      classnames: 2.3.1
      rc-resize-observer: 1.2.0_sfoxds7t5ydpegc3knd667wn6m
      rc-util: 5.23.0_sfoxds7t5ydpegc3knd667wn6m
      react: 17.0.2
      react-dom: 17.0.2_react@17.0.2
    dev: false

  /react-dom/17.0.2_react@17.0.2:
    resolution: {integrity: sha512-s4h96KtLDUQlsENhMn1ar8t2bEa+q/YAtj8pPPdIjPDGBDIVNsrD9aXNWqspUe6AzKCIG0C1HZZLqLV7qpOBGA==}
    peerDependencies:
      react: 17.0.2
    dependencies:
      loose-envify: 1.4.0
      object-assign: 4.1.1
      react: 17.0.2
      scheduler: 0.20.2
    dev: false

  /react-is/16.13.1:
    resolution: {integrity: sha512-24e6ynE2H+OKt4kqsOvNd8kBpV65zoxbA4BVsEOB3ARVWQki/DHzaUoC5KuON/BiccDaCCTZBuOcfZs70kR8bQ==}
    dev: false

  /react/17.0.2:
    resolution: {integrity: sha512-gnhPt75i/dq/z3/6q/0asP78D0u592D5L1pd7M8P+dck6Fu/jJeL6iVVK23fptSUZj8Vjf++7wXA8UNclGQcbA==}
    engines: {node: '>=0.10.0'}
    dependencies:
      loose-envify: 1.4.0
      object-assign: 4.1.1
    dev: false

  /regenerator-runtime/0.13.9:
    resolution: {integrity: sha512-p3VT+cOEgxFsRRA9X4lkI1E+k2/CtnKtU4gcxyaCUreilL/vqI6CdZ3wxVUx3UOUg+gnUOQQcRI7BmSI656MYA==}
    dev: false

  /resize-observer-polyfill/1.5.1:
    resolution: {integrity: sha512-LwZrotdHOo12nQuZlHEmtuXdqGoOD0OhaxopaNFxWzInpEgaLWoVuAMbTzixuosCx2nEG58ngzW3vxdWoxIgdg==}
    dev: false

  /scheduler/0.20.2:
    resolution: {integrity: sha512-2eWfGgAqqWFGqtdMmcL5zCMK1U8KlXv8SQFGglL3CEtd0aDVDWgeF/YoCmvln55m5zSk3J/20hTaSBeSObsQDQ==}
    dependencies:
      loose-envify: 1.4.0
      object-assign: 4.1.1
    dev: false

  /scroll-into-view-if-needed/2.2.29:
    resolution: {integrity: sha512-hxpAR6AN+Gh53AdAimHM6C8oTN1ppwVZITihix+WqalywBeFcQ6LdQP5ABNl26nX8GTEL7VT+b8lKpdqq65wXg==}
    dependencies:
      compute-scroll-into-view: 1.0.17
    dev: false

  /shallowequal/1.1.0:
    resolution: {integrity: sha512-y0m1JoUZSlPAjXVtPPW70aZWfIL/dSP7AFkRnniLCrK/8MDKog3TySTBmckD+RObVxH0v4Tox67+F14PdED2oQ==}
    dev: false

  /source-map-js/1.0.2:
    resolution: {integrity: sha512-R0XvVJ9WusLiqTCEiGCmICCMplcCkIwwR11mOSD9CR5u+IXYdiseeEuXCVAjS54zqwkLcPNnmU4OeJ6tUrWhDw==}
    engines: {node: '>=0.10.0'}
    dev: false

  /string-convert/0.2.1:
    resolution: {integrity: sha512-u/1tdPl4yQnPBjnVrmdLo9gtuLvELKsAoRapekWggdiQNvvvum+jYF329d84NAa660KQw7pB2n36KrIKVoXa3A==}
    dev: false

  /styled-jsx/5.0.4_react@17.0.2:
    resolution: {integrity: sha512-sDFWLbg4zR+UkNzfk5lPilyIgtpddfxXEULxhujorr5jtePTUqiPDc5BC0v1NRqTr/WaFBGQQUoYToGlF4B2KQ==}
    engines: {node: '>= 12.0.0'}
    peerDependencies:
      '@babel/core': '*'
      babel-plugin-macros: '*'
      react: '>= 16.8.0 || 17.x.x || ^18.0.0-0'
    peerDependenciesMeta:
      '@babel/core':
        optional: true
      babel-plugin-macros:
        optional: true
    dependencies:
      react: 17.0.2
    dev: false

  /toggle-selection/1.0.6:
    resolution: {integrity: sha512-BiZS+C1OS8g/q2RRbJmy59xpyghNBqrr6k5L/uKBGRsTfxmu3ffiRnd8mlGPUVayg8pvfi5urfnu8TU7DVOkLQ==}
    dev: false

  /tslib/2.4.0:
    resolution: {integrity: sha512-d6xOpEDfsi2CZVlPQzGeux8XMwLT9hssAsaPYExaQMuYskwb+x1x7J371tWlbBdWHroy99KnVB6qIkUbs5X3UQ==}
    dev: false

  /typescript/4.7.4:
    resolution: {integrity: sha512-C0WQT0gezHuw6AdY1M2jxUO83Rjf0HP7Sk1DtXj6j1EwkQNZrHAg2XPWlq62oqEhYvONq5pkC2Y9oPljWToLmQ==}
    engines: {node: '>=4.2.0'}
    hasBin: true
    dev: true

  /use-sync-external-store/1.2.0_react@17.0.2:
    resolution: {integrity: sha512-eEgnFxGQ1Ife9bzYs6VLi8/4X6CObHMw9Qr9tPY43iKwsPw8xE8+EFsf/2cFZ5S3esXgpWgtSCtLNS41F+sKPA==}
    peerDependencies:
      react: ^16.8.0 || ^17.0.0 || ^18.0.0
    dependencies:
      react: 17.0.2
    dev: false
